
Microsoft Visual Studio Solution File, Format Version 12.00
# Visual Studio Version 17
VisualStudioVersion = 17.10.35122.118
MinimumVisualStudioVersion = 10.0.40219.1
Project("{2150E333-8FDC-42A3-9474-1A3956D46DE8}") = "ChainOfResponsibility_DP", "ChainOfResponsibility_DP", "{CB0E411D-ED2F-4570-9D5C-8906451C6102}"
EndProject
Project("{9A19103F-16F7-4668-BE54-9A1E7A4F7556}") = "DesignPatterns.ChainOfResponsibility", "ChainOfResponsibility_DP\DesignPatterns.ChainOfResponsibility\DesignPatterns.ChainOfResponsibility.csproj", "{96834E1B-40AF-4CB6-B723-B24BCB6ACCBF}"
EndProject
Project("{2150E333-8FDC-42A3-9474-1A3956D46DE8}") = "CQRS_DP", "CQRS_DP", "{41FE021B-B1B8-4FCE-BE0D-D7AB972F2CAC}"
EndProject
Project("{9A19103F-16F7-4668-BE54-9A1E7A4F7556}") = "DesignPatterns.CQRS", "CQRS_DP\DesignPatterns.CQRS\DesignPatterns.CQRS.csproj", "{63626DED-BBCC-4D3A-92EC-64E39BAF6EF5}"
EndProject
Project("{2150E333-8FDC-42A3-9474-1A3956D46DE8}") = "TemplateMethod_DP", "TemplateMethod_DP", "{1E7BC818-2B74-446C-8B43-FA4586D20DF8}"
EndProject
Project("{9A19103F-16F7-4668-BE54-9A1E7A4F7556}") = "DesignPatterns.TemplateMethod", "TemplateMethod_DP\DesignPatterns.TemplateMethod\DesignPatterns.TemplateMethod.csproj", "{3B7B8A00-2728-44F6-B69B-2F053D5A2015}"
EndProject
Project("{2150E333-8FDC-42A3-9474-1A3956D46DE8}") = "Observer_DP", "Observer_DP", "{836FB69E-F024-4CBF-9448-DCBFE014F8C1}"
EndProject
Project("{9A19103F-16F7-4668-BE54-9A1E7A4F7556}") = "DesignPattern.Observer", "Observer_DP\DesignPattern.Observer\DesignPattern.Observer.csproj", "{30D3F414-1A61-4F09-9392-7BF5DCDA4013}"
EndProject
Project("{2150E333-8FDC-42A3-9474-1A3956D46DE8}") = "MCY_CQRS_DP", "MCY_CQRS_DP", "{DD86E5C1-EB29-484B-95BF-22BA2FEDBB08}"
EndProject
Project("{9A19103F-16F7-4668-BE54-9A1E7A4F7556}") = "ELibrary.API", "MCY_CQRS_DP\ELibrary.API\ELibrary.API.csproj", "{2C6D6BD8-00EF-4065-993F-6F3458B6E51A}"
EndProject
Project("{2150E333-8FDC-42A3-9474-1A3956D46DE8}") = "MCY_TemplateMethod_DP", "MCY_TemplateMethod_DP", "{296248D0-CF1F-454D-8F14-AD4B785154B7}"
EndProject
Project("{FAE04EC0-301F-11D3-BF4B-00C04F79EFBC}") = "DesignPattern.TemplateMethod", "MCY_TemplateMethod_DP\DesignPattern.TemplateMethod\DesignPattern.TemplateMethod.csproj", "{4EF1E603-BDB0-48F1-A102-B8B7B560BF94}"
EndProject
Project("{2150E333-8FDC-42A3-9474-1A3956D46DE8}") = "UnitOfWork_DP", "UnitOfWork_DP", "{254931F9-84A8-4A49-A56B-377202585CC1}"
EndProject
Project("{FAE04EC0-301F-11D3-BF4B-00C04F79EFBC}") = "DesignPattern.UnitOfWok", "UnitOfWork_DP\DesignPattern.UnitOfWok\DesignPattern.UnitOfWok.csproj", "{1F2F4CAF-9943-4FA7-B660-BD82F4882B3D}"
EndProject
Project("{FAE04EC0-301F-11D3-BF4B-00C04F79EFBC}") = "DesignPattern.EntityLayer", "UnitOfWork_DP\DesignPattern.EntityLayer\DesignPattern.EntityLayer.csproj", "{25CFDB69-5DA2-41E6-860C-95A33E469589}"
EndProject
Project("{FAE04EC0-301F-11D3-BF4B-00C04F79EFBC}") = "DesignPattern.BusinessLayer", "UnitOfWork_DP\DesignPattern.BusinessLayer\DesignPattern.BusinessLayer.csproj", "{A73E35CC-E43A-42E3-AF01-5F562D72DBE9}"
EndProject
Project("{FAE04EC0-301F-11D3-BF4B-00C04F79EFBC}") = "DesignPattern.DataAccessLayer", "UnitOfWork_DP\DesignPattern.DataAccessLayer\DesignPattern.DataAccessLayer.csproj", "{41D309D5-13C9-4012-8066-4C2E56FF0477}"
EndProject
Global
	GlobalSection(SolutionConfigurationPlatforms) = preSolution
		Debug|Any CPU = Debug|Any CPU
		Release|Any CPU = Release|Any CPU
	EndGlobalSection
	GlobalSection(ProjectConfigurationPlatforms) = postSolution
		{96834E1B-40AF-4CB6-B723-B24BCB6ACCBF}.Debug|Any CPU.ActiveCfg = Debug|Any CPU
		{96834E1B-40AF-4CB6-B723-B24BCB6ACCBF}.Debug|Any CPU.Build.0 = Debug|Any CPU
		{96834E1B-40AF-4CB6-B723-B24BCB6ACCBF}.Release|Any CPU.ActiveCfg = Release|Any CPU
		{96834E1B-40AF-4CB6-B723-B24BCB6ACCBF}.Release|Any CPU.Build.0 = Release|Any CPU
		{63626DED-BBCC-4D3A-92EC-64E39BAF6EF5}.Debug|Any CPU.ActiveCfg = Debug|Any CPU
		{63626DED-BBCC-4D3A-92EC-64E39BAF6EF5}.Debug|Any CPU.Build.0 = Debug|Any CPU
		{63626DED-BBCC-4D3A-92EC-64E39BAF6EF5}.Release|Any CPU.ActiveCfg = Release|Any CPU
		{63626DED-BBCC-4D3A-92EC-64E39BAF6EF5}.Release|Any CPU.Build.0 = Release|Any CPU
		{3B7B8A00-2728-44F6-B69B-2F053D5A2015}.Debug|Any CPU.ActiveCfg = Debug|Any CPU
		{3B7B8A00-2728-44F6-B69B-2F053D5A2015}.Debug|Any CPU.Build.0 = Debug|Any CPU
		{3B7B8A00-2728-44F6-B69B-2F053D5A2015}.Release|Any CPU.ActiveCfg = Release|Any CPU
		{3B7B8A00-2728-44F6-B69B-2F053D5A2015}.Release|Any CPU.Build.0 = Release|Any CPU
		{30D3F414-1A61-4F09-9392-7BF5DCDA4013}.Debug|Any CPU.ActiveCfg = Debug|Any CPU
		{30D3F414-1A61-4F09-9392-7BF5DCDA4013}.Debug|Any CPU.Build.0 = Debug|Any CPU
		{30D3F414-1A61-4F09-9392-7BF5DCDA4013}.Release|Any CPU.ActiveCfg = Release|Any CPU
		{30D3F414-1A61-4F09-9392-7BF5DCDA4013}.Release|Any CPU.Build.0 = Release|Any CPU
		{2C6D6BD8-00EF-4065-993F-6F3458B6E51A}.Debug|Any CPU.ActiveCfg = Debug|Any CPU
		{2C6D6BD8-00EF-4065-993F-6F3458B6E51A}.Debug|Any CPU.Build.0 = Debug|Any CPU
		{2C6D6BD8-00EF-4065-993F-6F3458B6E51A}.Release|Any CPU.ActiveCfg = Release|Any CPU
		{2C6D6BD8-00EF-4065-993F-6F3458B6E51A}.Release|Any CPU.Build.0 = Release|Any CPU
		{4EF1E603-BDB0-48F1-A102-B8B7B560BF94}.Debug|Any CPU.ActiveCfg = Debug|Any CPU
		{4EF1E603-BDB0-48F1-A102-B8B7B560BF94}.Debug|Any CPU.Build.0 = Debug|Any CPU
		{4EF1E603-BDB0-48F1-A102-B8B7B560BF94}.Release|Any CPU.ActiveCfg = Release|Any CPU
		{4EF1E603-BDB0-48F1-A102-B8B7B560BF94}.Release|Any CPU.Build.0 = Release|Any CPU
		{1F2F4CAF-9943-4FA7-B660-BD82F4882B3D}.Debug|Any CPU.ActiveCfg = Debug|Any CPU
		{1F2F4CAF-9943-4FA7-B660-BD82F4882B3D}.Debug|Any CPU.Build.0 = Debug|Any CPU
		{1F2F4CAF-9943-4FA7-B660-BD82F4882B3D}.Release|Any CPU.ActiveCfg = Release|Any CPU
		{1F2F4CAF-9943-4FA7-B660-BD82F4882B3D}.Release|Any CPU.Build.0 = Release|Any CPU
		{25CFDB69-5DA2-41E6-860C-95A33E469589}.Debug|Any CPU.ActiveCfg = Debug|Any CPU
		{25CFDB69-5DA2-41E6-860C-95A33E469589}.Debug|Any CPU.Build.0 = Debug|Any CPU
		{25CFDB69-5DA2-41E6-860C-95A33E469589}.Release|Any CPU.ActiveCfg = Release|Any CPU
		{25CFDB69-5DA2-41E6-860C-95A33E469589}.Release|Any CPU.Build.0 = Release|Any CPU
		{A73E35CC-E43A-42E3-AF01-5F562D72DBE9}.Debug|Any CPU.ActiveCfg = Debug|Any CPU
		{A73E35CC-E43A-42E3-AF01-5F562D72DBE9}.Debug|Any CPU.Build.0 = Debug|Any CPU
		{A73E35CC-E43A-42E3-AF01-5F562D72DBE9}.Release|Any CPU.ActiveCfg = Release|Any CPU
		{A73E35CC-E43A-42E3-AF01-5F562D72DBE9}.Release|Any CPU.Build.0 = Release|Any CPU
		{41D309D5-13C9-4012-8066-4C2E56FF0477}.Debug|Any CPU.ActiveCfg = Debug|Any CPU
		{41D309D5-13C9-4012-8066-4C2E56FF0477}.Debug|Any CPU.Build.0 = Debug|Any CPU
		{41D309D5-13C9-4012-8066-4C2E56FF0477}.Release|Any CPU.ActiveCfg = Release|Any CPU
		{41D309D5-13C9-4012-8066-4C2E56FF0477}.Release|Any CPU.Build.0 = Release|Any CPU
	EndGlobalSection
	GlobalSection(SolutionProperties) = preSolution
		HideSolutionNode = FALSE
	EndGlobalSection
	GlobalSection(NestedProjects) = preSolution
		{96834E1B-40AF-4CB6-B723-B24BCB6ACCBF} = {CB0E411D-ED2F-4570-9D5C-8906451C6102}
		{63626DED-BBCC-4D3A-92EC-64E39BAF6EF5} = {41FE021B-B1B8-4FCE-BE0D-D7AB972F2CAC}
		{3B7B8A00-2728-44F6-B69B-2F053D5A2015} = {1E7BC818-2B74-446C-8B43-FA4586D20DF8}
		{30D3F414-1A61-4F09-9392-7BF5DCDA4013} = {836FB69E-F024-4CBF-9448-DCBFE014F8C1}
		{2C6D6BD8-00EF-4065-993F-6F3458B6E51A} = {DD86E5C1-EB29-484B-95BF-22BA2FEDBB08}
		{4EF1E603-BDB0-48F1-A102-B8B7B560BF94} = {296248D0-CF1F-454D-8F14-AD4B785154B7}
		{1F2F4CAF-9943-4FA7-B660-BD82F4882B3D} = {254931F9-84A8-4A49-A56B-377202585CC1}
		{25CFDB69-5DA2-41E6-860C-95A33E469589} = {254931F9-84A8-4A49-A56B-377202585CC1}
		{A73E35CC-E43A-42E3-AF01-5F562D72DBE9} = {254931F9-84A8-4A49-A56B-377202585CC1}
		{41D309D5-13C9-4012-8066-4C2E56FF0477} = {254931F9-84A8-4A49-A56B-377202585CC1}
	EndGlobalSection
	GlobalSection(ExtensibilityGlobals) = postSolution
		SolutionGuid = {034FF146-2ABD-49FC-BC1F-5E5CCD784265}
	EndGlobalSection
EndGlobal
